
Microsoft Visual Studio Solution File, Format Version 12.00
# Visual Studio Version 17
VisualStudioVersion = 17.10.34928.147
MinimumVisualStudioVersion = 10.0.40219.1
Project("{8BC9CEB8-8B4A-11D0-8D11-00A0C91BC942}") = "LearnCPlusPlus", "LearnCPlusPlus.vcxproj", "{64B7F850-273A-40E5-9A99-5314F3A358C0}"
EndProject
Global
	GlobalSection(SolutionConfigurationPlatforms) = preSolution
		Debug|x64 = Debug|x64
		Debug|x86 = Debug|x86
		Release|x64 = Release|x64
		Release|x86 = Release|x86
	EndGlobalSection
	GlobalSection(ProjectConfigurationPlatforms) = postSolution
		{64B7F850-273A-40E5-9A99-5314F3A358C0}.Debug|x64.ActiveCfg = Debug|x64
		{64B7F850-273A-40E5-9A99-5314F3A358C0}.Debug|x64.Build.0 = Debug|x64
		{64B7F850-273A-40E5-9A99-5314F3A358C0}.Debug|x86.ActiveCfg = Debug|Win32
		{64B7F850-273A-40E5-9A99-5314F3A358C0}.Debug|x86.Build.0 = Debug|Win32
		{64B7F850-273A-40E5-9A99-5314F3A358C0}.Release|x64.ActiveCfg = Release|x64
		{64B7F850-273A-40E5-9A99-5314F3A358C0}.Release|x64.Build.0 = Release|x64
		{64B7F850-273A-40E5-9A99-5314F3A358C0}.Release|x86.ActiveCfg = Release|Win32
		{64B7F850-273A-40E5-9A99-5314F3A358C0}.Release|x86.Build.0 = Release|Win32
	EndGlobalSection
	GlobalSection(SolutionProperties) = preSolution
		HideSolutionNode = FALSE
	EndGlobalSection
	GlobalSection(ExtensibilityGlobals) = postSolution
		SolutionGuid = {4E32BB6C-298D-4E6F-94E9-A9DF00C9E89D}
	EndGlobalSection
EndGlobal
